// !$*UTF8*$!
{
	archiveVersion = 1;
	classes = {
	};
	objectVersion = 50;
	objects = {

/* Begin PBXBuildFile section */
		271FE45A2497905400DC2472 /* Segue.swift in Sources */ = {isa = PBXBuildFile; fileRef = 271FE4592497905300DC2472 /* Segue.swift */; };
		271FE45C249796BA00DC2472 /* IdentifiableOperation.swift in Sources */ = {isa = PBXBuildFile; fileRef = 271FE45B249796BA00DC2472 /* IdentifiableOperation.swift */; };
		271FE45E249799CF00DC2472 /* LogType.swift in Sources */ = {isa = PBXBuildFile; fileRef = 271FE45D249799CF00DC2472 /* LogType.swift */; };
		271FE46024979B5D00DC2472 /* NetworkLogType.swift in Sources */ = {isa = PBXBuildFile; fileRef = 271FE45F24979B5D00DC2472 /* NetworkLogType.swift */; };
		271FE46224979B6A00DC2472 /* DefaultLogType.swift in Sources */ = {isa = PBXBuildFile; fileRef = 271FE46124979B6A00DC2472 /* DefaultLogType.swift */; };
		271FE4642497A90F00DC2472 /* NavigationError.swift in Sources */ = {isa = PBXBuildFile; fileRef = 271FE4632497A90F00DC2472 /* NavigationError.swift */; };
		271FE4662497BD1500DC2472 /* RGMCNavigationController.swift in Sources */ = {isa = PBXBuildFile; fileRef = 271FE4652497BD1400DC2472 /* RGMCNavigationController.swift */; };
		273550A923B0EBA80069B263 /* UtilsKit.h in Headers */ = {isa = PBXBuildFile; fileRef = 273550A723B0EBA80069B263 /* UtilsKit.h */; settings = {ATTRIBUTES = (Public, ); }; };
		2735521E23B0F7BF0069B263 /* UIScrollView+Keyboard.swift in Sources */ = {isa = PBXBuildFile; fileRef = 273551AF23B0F7BE0069B263 /* UIScrollView+Keyboard.swift */; };
		2735521F23B0F7BF0069B263 /* UINavigationBar+Shadow.swift in Sources */ = {isa = PBXBuildFile; fileRef = 273551B123B0F7BE0069B263 /* UINavigationBar+Shadow.swift */; };
		2735522023B0F7BF0069B263 /* UIDeviceOrientation+InterfaceOrientation.swift in Sources */ = {isa = PBXBuildFile; fileRef = 273551B323B0F7BE0069B263 /* UIDeviceOrientation+InterfaceOrientation.swift */; };
		2735522123B0F7BF0069B263 /* UIInterfaceOrientation+Mask.swift in Sources */ = {isa = PBXBuildFile; fileRef = 273551B423B0F7BE0069B263 /* UIInterfaceOrientation+Mask.swift */; };
		2735522223B0F7BF0069B263 /* Collection+Safe.swift in Sources */ = {isa = PBXBuildFile; fileRef = 273551B623B0F7BE0069B263 /* Collection+Safe.swift */; };
		2735522323B0F7BF0069B263 /* Array+URLQueryItem.swift in Sources */ = {isa = PBXBuildFile; fileRef = 273551B823B0F7BE0069B263 /* Array+URLQueryItem.swift */; };
		2735522423B0F7BF0069B263 /* Array+Contains.swift in Sources */ = {isa = PBXBuildFile; fileRef = 273551B923B0F7BE0069B263 /* Array+Contains.swift */; };
		2735522523B0F7BF0069B263 /* UIColor+Hexa.swift in Sources */ = {isa = PBXBuildFile; fileRef = 273551BB23B0F7BE0069B263 /* UIColor+Hexa.swift */; };
		2735522623B0F7BF0069B263 /* Dictionary+Keys.swift in Sources */ = {isa = PBXBuildFile; fileRef = 273551BD23B0F7BE0069B263 /* Dictionary+Keys.swift */; };
		2735522723B0F7BF0069B263 /* Date+String.swift in Sources */ = {isa = PBXBuildFile; fileRef = 273551BF23B0F7BE0069B263 /* Date+String.swift */; };
		2735522823B0F7BF0069B263 /* UILabel+Underline.swift in Sources */ = {isa = PBXBuildFile; fileRef = 273551C123B0F7BE0069B263 /* UILabel+Underline.swift */; };
		2735522923B0F7BF0069B263 /* UITableView+DeselectAll.swift in Sources */ = {isa = PBXBuildFile; fileRef = 273551C323B0F7BE0069B263 /* UITableView+DeselectAll.swift */; };
		2735522A23B0F7BF0069B263 /* UITableView+Reload+Completion.swift in Sources */ = {isa = PBXBuildFile; fileRef = 273551C423B0F7BE0069B263 /* UITableView+Reload+Completion.swift */; };
		2735522B23B0F7BF0069B263 /* UITableView+ResizeHeader.swift in Sources */ = {isa = PBXBuildFile; fileRef = 273551C523B0F7BE0069B263 /* UITableView+ResizeHeader.swift */; };
		2735522C23B0F7BF0069B263 /* URL+Open.swift in Sources */ = {isa = PBXBuildFile; fileRef = 273551C723B0F7BE0069B263 /* URL+Open.swift */; };
		2735522D23B0F7BF0069B263 /* URL+Parameters.swift in Sources */ = {isa = PBXBuildFile; fileRef = 273551C823B0F7BE0069B263 /* URL+Parameters.swift */; };
		2735522E23B0F7BF0069B263 /* UIImageView+TintColorable.swift in Sources */ = {isa = PBXBuildFile; fileRef = 273551CA23B0F7BE0069B263 /* UIImageView+TintColorable.swift */; };
		2735522F23B0F7BF0069B263 /* UIImage+File.swift in Sources */ = {isa = PBXBuildFile; fileRef = 273551CB23B0F7BE0069B263 /* UIImage+File.swift */; };
		2735523023B0F7BF0069B263 /* UINavigationController+NavigationBar.swift in Sources */ = {isa = PBXBuildFile; fileRef = 273551CE23B0F7BE0069B263 /* UINavigationController+NavigationBar.swift */; };
		2735523123B0F7BF0069B263 /* UIViewController+TraitCollectionType.swift in Sources */ = {isa = PBXBuildFile; fileRef = 273551D023B0F7BE0069B263 /* UIViewController+TraitCollectionType.swift */; };
		2735523223B0F7BF0069B263 /* NSLocale+Localize.swift in Sources */ = {isa = PBXBuildFile; fileRef = 273551D223B0F7BE0069B263 /* NSLocale+Localize.swift */; };
		2735523323B0F7BF0069B263 /* Decodable+Decode.swift in Sources */ = {isa = PBXBuildFile; fileRef = 273551D423B0F7BE0069B263 /* Decodable+Decode.swift */; };
		2735523423B0F7BF0069B263 /* Double+Price.swift in Sources */ = {isa = PBXBuildFile; fileRef = 273551D623B0F7BE0069B263 /* Double+Price.swift */; };
		2735523523B0F7BF0069B263 /* UIButton+Underline.swift in Sources */ = {isa = PBXBuildFile; fileRef = 273551D823B0F7BE0069B263 /* UIButton+Underline.swift */; };
		2735523623B0F7BF0069B263 /* UITabBarController+Item.swift in Sources */ = {isa = PBXBuildFile; fileRef = 273551DA23B0F7BE0069B263 /* UITabBarController+Item.swift */; };
		2735523723B0F7BF0069B263 /* UIView+Gradient.swift in Sources */ = {isa = PBXBuildFile; fileRef = 273551DC23B0F7BE0069B263 /* UIView+Gradient.swift */; };
		2735523823B0F7BF0069B263 /* UIView+Keyboard.swift in Sources */ = {isa = PBXBuildFile; fileRef = 273551DD23B0F7BE0069B263 /* UIView+Keyboard.swift */; };
		2735523923B0F7BF0069B263 /* UIView+Blur.swift in Sources */ = {isa = PBXBuildFile; fileRef = 273551DE23B0F7BE0069B263 /* UIView+Blur.swift */; };
		2735523A23B0F7BF0069B263 /* UIView+Localize.swift in Sources */ = {isa = PBXBuildFile; fileRef = 273551DF23B0F7BE0069B263 /* UIView+Localize.swift */; };
		2735523B23B0F7BF0069B263 /* UIView+Snapshot.swift in Sources */ = {isa = PBXBuildFile; fileRef = 273551E023B0F7BE0069B263 /* UIView+Snapshot.swift */; };
		2735523C23B0F7BF0069B263 /* UIView+Rotate.swift in Sources */ = {isa = PBXBuildFile; fileRef = 273551E123B0F7BE0069B263 /* UIView+Rotate.swift */; };
		2735523D23B0F7BF0069B263 /* UIView+ViewController.swift in Sources */ = {isa = PBXBuildFile; fileRef = 273551E223B0F7BE0069B263 /* UIView+ViewController.swift */; };
		2735523E23B0F7BF0069B263 /* UIDevice+Vibrate.swift in Sources */ = {isa = PBXBuildFile; fileRef = 273551E423B0F7BE0069B263 /* UIDevice+Vibrate.swift */; };
		2735523F23B0F7BF0069B263 /* UIDevice+Network.swift in Sources */ = {isa = PBXBuildFile; fileRef = 273551E523B0F7BE0069B263 /* UIDevice+Network.swift */; };
		2735524023B0F7BF0069B263 /* UIDevice+Flash.swift in Sources */ = {isa = PBXBuildFile; fileRef = 273551E623B0F7BE0069B263 /* UIDevice+Flash.swift */; };
		2735524123B0F7BF0069B263 /* String+ASCII.swift in Sources */ = {isa = PBXBuildFile; fileRef = 273551E823B0F7BE0069B263 /* String+ASCII.swift */; };
		2735524223B0F7BF0069B263 /* String+ExtractValueFromRegex.swift in Sources */ = {isa = PBXBuildFile; fileRef = 273551E923B0F7BE0069B263 /* String+ExtractValueFromRegex.swift */; };
		2735524323B0F7BF0069B263 /* String+HTMLAttributedString.swift in Sources */ = {isa = PBXBuildFile; fileRef = 273551EA23B0F7BE0069B263 /* String+HTMLAttributedString.swift */; };
		2735524423B0F7BF0069B263 /* String+Localize.swift in Sources */ = {isa = PBXBuildFile; fileRef = 273551EB23B0F7BE0069B263 /* String+Localize.swift */; };
		2735524523B0F7BF0069B263 /* String+Validate.swift in Sources */ = {isa = PBXBuildFile; fileRef = 273551EC23B0F7BE0069B263 /* String+Validate.swift */; };
		2735524623B0F7BF0069B263 /* String+Capitalize.swift in Sources */ = {isa = PBXBuildFile; fileRef = 273551ED23B0F7BE0069B263 /* String+Capitalize.swift */; };
		2735524723B0F7BF0069B263 /* String+Dictionnary.swift in Sources */ = {isa = PBXBuildFile; fileRef = 273551EE23B0F7BE0069B263 /* String+Dictionnary.swift */; };
		2735524823B0F7BF0069B263 /* UIApplication+TopViewController.swift in Sources */ = {isa = PBXBuildFile; fileRef = 273551F023B0F7BE0069B263 /* UIApplication+TopViewController.swift */; };
		2735524923B0F7BF0069B263 /* UIApplication+Shared.swift in Sources */ = {isa = PBXBuildFile; fileRef = 273551F123B0F7BE0069B263 /* UIApplication+Shared.swift */; };
		2735524A23B0F7BF0069B263 /* Double+Size.swift in Sources */ = {isa = PBXBuildFile; fileRef = 273551F323B0F7BE0069B263 /* Double+Size.swift */; };
		2735524B23B0F7BF0069B263 /* Sequence+Group.swift in Sources */ = {isa = PBXBuildFile; fileRef = 273551F523B0F7BE0069B263 /* Sequence+Group.swift */; };
		2735524C23B0F7BF0069B263 /* UITextField+Placeholder.swift in Sources */ = {isa = PBXBuildFile; fileRef = 273551F723B0F7BE0069B263 /* UITextField+Placeholder.swift */; };
		2735524D23B0F7BF0069B263 /* NibProtocol.swift in Sources */ = {isa = PBXBuildFile; fileRef = 273551FA23B0F7BE0069B263 /* NibProtocol.swift */; };
		2735524E23B0F7BF0069B263 /* StoryboardProtocol.swift in Sources */ = {isa = PBXBuildFile; fileRef = 273551FB23B0F7BE0069B263 /* StoryboardProtocol.swift */; };
		2735524F23B0F7BF0069B263 /* NavigationProtocol.swift in Sources */ = {isa = PBXBuildFile; fileRef = 273551FD23B0F7BE0069B263 /* NavigationProtocol.swift */; };
		2735525023B0F7BF0069B263 /* ViewReusable.swift in Sources */ = {isa = PBXBuildFile; fileRef = 273551FF23B0F7BE0069B263 /* ViewReusable.swift */; };
		2735525123B0F7BF0069B263 /* ViewReusable+TableViewCell.swift in Sources */ = {isa = PBXBuildFile; fileRef = 2735520023B0F7BE0069B263 /* ViewReusable+TableViewCell.swift */; };
		2735525223B0F7BF0069B263 /* ViewReusable+CollectionViewCell.swift in Sources */ = {isa = PBXBuildFile; fileRef = 2735520123B0F7BE0069B263 /* ViewReusable+CollectionViewCell.swift */; };
		2735525323B0F7BF0069B263 /* Log.swift in Sources */ = {isa = PBXBuildFile; fileRef = 2735520323B0F7BE0069B263 /* Log.swift */; };
		2735525423B0F7BF0069B263 /* QueueManager.swift in Sources */ = {isa = PBXBuildFile; fileRef = 2735520523B0F7BE0069B263 /* QueueManager.swift */; };
		2735525523B0F7BF0069B263 /* Operation.swift in Sources */ = {isa = PBXBuildFile; fileRef = 2735520623B0F7BE0069B263 /* Operation.swift */; };
		2735525623B0F7BF0069B263 /* Identifiable.swift in Sources */ = {isa = PBXBuildFile; fileRef = 2735520723B0F7BE0069B263 /* Identifiable.swift */; };
		2735525723B0F7BF0069B263 /* DocumentManager.swift in Sources */ = {isa = PBXBuildFile; fileRef = 2735520923B0F7BE0069B263 /* DocumentManager.swift */; };
		2735525823B0F7BF0069B263 /* Dictionary+Operator.swift in Sources */ = {isa = PBXBuildFile; fileRef = 2735520B23B0F7BE0069B263 /* Dictionary+Operator.swift */; };
		2735525923B0F7BF0069B263 /* NSDate+Compare.swift in Sources */ = {isa = PBXBuildFile; fileRef = 2735520C23B0F7BE0069B263 /* NSDate+Compare.swift */; };
		2735525A23B0F7BF0069B263 /* NSNumber+Compare.swift in Sources */ = {isa = PBXBuildFile; fileRef = 2735520D23B0F7BE0069B263 /* NSNumber+Compare.swift */; };
		2735525B23B0F7BF0069B263 /* CGFloat+Operator.swift in Sources */ = {isa = PBXBuildFile; fileRef = 2735520E23B0F7BE0069B263 /* CGFloat+Operator.swift */; };
		2735525C23B0F7BF0069B263 /* AlertManager.swift in Sources */ = {isa = PBXBuildFile; fileRef = 2735521023B0F7BF0069B263 /* AlertManager.swift */; };
		2735525D23B0F7BF0069B263 /* PaddingTextField.swift in Sources */ = {isa = PBXBuildFile; fileRef = 2735521223B0F7BF0069B263 /* PaddingTextField.swift */; };
		2735525E23B0F7BF0069B263 /* PaddingLabel.swift in Sources */ = {isa = PBXBuildFile; fileRef = 2735521323B0F7BF0069B263 /* PaddingLabel.swift */; };
		2735525F23B0F7BF0069B263 /* PagerView.swift in Sources */ = {isa = PBXBuildFile; fileRef = 2735521423B0F7BF0069B263 /* PagerView.swift */; };
		2735526023B0F7BF0069B263 /* LoadingButton.swift in Sources */ = {isa = PBXBuildFile; fileRef = 2735521523B0F7BF0069B263 /* LoadingButton.swift */; };
		2735526623B0F7BF0069B263 /* CacheManager.swift in Sources */ = {isa = PBXBuildFile; fileRef = 2735521D23B0F7BF0069B263 /* CacheManager.swift */; };
		279F92C224B8966600349413 /* Double+Distance.swift in Sources */ = {isa = PBXBuildFile; fileRef = 279F92C124B8966600349413 /* Double+Distance.swift */; };
		279F92C424B8AB7C00349413 /* Double+Storage.swift in Sources */ = {isa = PBXBuildFile; fileRef = 279F92C324B8AB7C00349413 /* Double+Storage.swift */; };
		279F934A24B8C07700349413 /* UIEmptyCollectionViewCell.swift in Sources */ = {isa = PBXBuildFile; fileRef = 279F934924B8C07700349413 /* UIEmptyCollectionViewCell.swift */; };
		27E4A3C72464567F0008BA97 /* CacheObjectProtocol.swift in Sources */ = {isa = PBXBuildFile; fileRef = 27E4A3C62464567F0008BA97 /* CacheObjectProtocol.swift */; };
		27E4A3C92464649B0008BA97 /* CollectionViewHeaderFooterViewReusable.swift in Sources */ = {isa = PBXBuildFile; fileRef = 27E4A3C82464649B0008BA97 /* CollectionViewHeaderFooterViewReusable.swift */; };
		27E9BEE2246ABB2400ECAD2E /* UIButton+TintColorable.swift in Sources */ = {isa = PBXBuildFile; fileRef = 27E9BEE1246ABB2400ECAD2E /* UIButton+TintColorable.swift */; };
/* End PBXBuildFile section */

/* Begin PBXFileReference section */
		271FE4592497905300DC2472 /* Segue.swift */ = {isa = PBXFileReference; lastKnownFileType = sourcecode.swift; path = Segue.swift; sourceTree = "<group>"; };
		271FE45B249796BA00DC2472 /* IdentifiableOperation.swift */ = {isa = PBXFileReference; lastKnownFileType = sourcecode.swift; path = IdentifiableOperation.swift; sourceTree = "<group>"; };
		271FE45D249799CF00DC2472 /* LogType.swift */ = {isa = PBXFileReference; lastKnownFileType = sourcecode.swift; path = LogType.swift; sourceTree = "<group>"; };
		271FE45F24979B5D00DC2472 /* NetworkLogType.swift */ = {isa = PBXFileReference; lastKnownFileType = sourcecode.swift; path = NetworkLogType.swift; sourceTree = "<group>"; };
		271FE46124979B6A00DC2472 /* DefaultLogType.swift */ = {isa = PBXFileReference; lastKnownFileType = sourcecode.swift; path = DefaultLogType.swift; sourceTree = "<group>"; };
		271FE4632497A90F00DC2472 /* NavigationError.swift */ = {isa = PBXFileReference; lastKnownFileType = sourcecode.swift; path = NavigationError.swift; sourceTree = "<group>"; };
		271FE4652497BD1400DC2472 /* RGMCNavigationController.swift */ = {isa = PBXFileReference; lastKnownFileType = sourcecode.swift; path = RGMCNavigationController.swift; sourceTree = "<group>"; };
		273550A423B0EBA80069B263 /* UtilsKit.framework */ = {isa = PBXFileReference; explicitFileType = wrapper.framework; includeInIndex = 0; path = UtilsKit.framework; sourceTree = BUILT_PRODUCTS_DIR; };
		273550A723B0EBA80069B263 /* UtilsKit.h */ = {isa = PBXFileReference; lastKnownFileType = sourcecode.c.h; path = UtilsKit.h; sourceTree = "<group>"; };
		273550A823B0EBA80069B263 /* Info.plist */ = {isa = PBXFileReference; lastKnownFileType = text.plist.xml; path = Info.plist; sourceTree = "<group>"; };
		273551AF23B0F7BE0069B263 /* UIScrollView+Keyboard.swift */ = {isa = PBXFileReference; fileEncoding = 4; lastKnownFileType = sourcecode.swift; path = "UIScrollView+Keyboard.swift"; sourceTree = "<group>"; };
		273551B123B0F7BE0069B263 /* UINavigationBar+Shadow.swift */ = {isa = PBXFileReference; fileEncoding = 4; lastKnownFileType = sourcecode.swift; path = "UINavigationBar+Shadow.swift"; sourceTree = "<group>"; };
		273551B323B0F7BE0069B263 /* UIDeviceOrientation+InterfaceOrientation.swift */ = {isa = PBXFileReference; fileEncoding = 4; lastKnownFileType = sourcecode.swift; path = "UIDeviceOrientation+InterfaceOrientation.swift"; sourceTree = "<group>"; };
		273551B423B0F7BE0069B263 /* UIInterfaceOrientation+Mask.swift */ = {isa = PBXFileReference; fileEncoding = 4; lastKnownFileType = sourcecode.swift; path = "UIInterfaceOrientation+Mask.swift"; sourceTree = "<group>"; };
		273551B623B0F7BE0069B263 /* Collection+Safe.swift */ = {isa = PBXFileReference; fileEncoding = 4; lastKnownFileType = sourcecode.swift; path = "Collection+Safe.swift"; sourceTree = "<group>"; };
		273551B823B0F7BE0069B263 /* Array+URLQueryItem.swift */ = {isa = PBXFileReference; fileEncoding = 4; lastKnownFileType = sourcecode.swift; path = "Array+URLQueryItem.swift"; sourceTree = "<group>"; };
		273551B923B0F7BE0069B263 /* Array+Contains.swift */ = {isa = PBXFileReference; fileEncoding = 4; lastKnownFileType = sourcecode.swift; path = "Array+Contains.swift"; sourceTree = "<group>"; };
		273551BB23B0F7BE0069B263 /* UIColor+Hexa.swift */ = {isa = PBXFileReference; fileEncoding = 4; lastKnownFileType = sourcecode.swift; path = "UIColor+Hexa.swift"; sourceTree = "<group>"; };
		273551BD23B0F7BE0069B263 /* Dictionary+Keys.swift */ = {isa = PBXFileReference; fileEncoding = 4; lastKnownFileType = sourcecode.swift; path = "Dictionary+Keys.swift"; sourceTree = "<group>"; };
		273551BF23B0F7BE0069B263 /* Date+String.swift */ = {isa = PBXFileReference; fileEncoding = 4; lastKnownFileType = sourcecode.swift; path = "Date+String.swift"; sourceTree = "<group>"; };
		273551C123B0F7BE0069B263 /* UILabel+Underline.swift */ = {isa = PBXFileReference; fileEncoding = 4; lastKnownFileType = sourcecode.swift; path = "UILabel+Underline.swift"; sourceTree = "<group>"; };
		273551C323B0F7BE0069B263 /* UITableView+DeselectAll.swift */ = {isa = PBXFileReference; fileEncoding = 4; lastKnownFileType = sourcecode.swift; path = "UITableView+DeselectAll.swift"; sourceTree = "<group>"; };
		273551C423B0F7BE0069B263 /* UITableView+Reload+Completion.swift */ = {isa = PBXFileReference; fileEncoding = 4; lastKnownFileType = sourcecode.swift; path = "UITableView+Reload+Completion.swift"; sourceTree = "<group>"; };
		273551C523B0F7BE0069B263 /* UITableView+ResizeHeader.swift */ = {isa = PBXFileReference; fileEncoding = 4; lastKnownFileType = sourcecode.swift; path = "UITableView+ResizeHeader.swift"; sourceTree = "<group>"; };
		273551C723B0F7BE0069B263 /* URL+Open.swift */ = {isa = PBXFileReference; fileEncoding = 4; lastKnownFileType = sourcecode.swift; path = "URL+Open.swift"; sourceTree = "<group>"; };
		273551C823B0F7BE0069B263 /* URL+Parameters.swift */ = {isa = PBXFileReference; fileEncoding = 4; lastKnownFileType = sourcecode.swift; path = "URL+Parameters.swift"; sourceTree = "<group>"; };
		273551CA23B0F7BE0069B263 /* UIImageView+TintColorable.swift */ = {isa = PBXFileReference; fileEncoding = 4; lastKnownFileType = sourcecode.swift; path = "UIImageView+TintColorable.swift"; sourceTree = "<group>"; };
		273551CB23B0F7BE0069B263 /* UIImage+File.swift */ = {isa = PBXFileReference; fileEncoding = 4; lastKnownFileType = sourcecode.swift; path = "UIImage+File.swift"; sourceTree = "<group>"; };
		273551CE23B0F7BE0069B263 /* UINavigationController+NavigationBar.swift */ = {isa = PBXFileReference; fileEncoding = 4; lastKnownFileType = sourcecode.swift; path = "UINavigationController+NavigationBar.swift"; sourceTree = "<group>"; };
		273551D023B0F7BE0069B263 /* UIViewController+TraitCollectionType.swift */ = {isa = PBXFileReference; fileEncoding = 4; lastKnownFileType = sourcecode.swift; path = "UIViewController+TraitCollectionType.swift"; sourceTree = "<group>"; };
		273551D223B0F7BE0069B263 /* NSLocale+Localize.swift */ = {isa = PBXFileReference; fileEncoding = 4; lastKnownFileType = sourcecode.swift; path = "NSLocale+Localize.swift"; sourceTree = "<group>"; };
		273551D423B0F7BE0069B263 /* Decodable+Decode.swift */ = {isa = PBXFileReference; fileEncoding = 4; lastKnownFileType = sourcecode.swift; path = "Decodable+Decode.swift"; sourceTree = "<group>"; };
		273551D623B0F7BE0069B263 /* Double+Price.swift */ = {isa = PBXFileReference; fileEncoding = 4; lastKnownFileType = sourcecode.swift; path = "Double+Price.swift"; sourceTree = "<group>"; };
		273551D823B0F7BE0069B263 /* UIButton+Underline.swift */ = {isa = PBXFileReference; fileEncoding = 4; lastKnownFileType = sourcecode.swift; path = "UIButton+Underline.swift"; sourceTree = "<group>"; };
		273551DA23B0F7BE0069B263 /* UITabBarController+Item.swift */ = {isa = PBXFileReference; fileEncoding = 4; lastKnownFileType = sourcecode.swift; path = "UITabBarController+Item.swift"; sourceTree = "<group>"; };
		273551DC23B0F7BE0069B263 /* UIView+Gradient.swift */ = {isa = PBXFileReference; fileEncoding = 4; lastKnownFileType = sourcecode.swift; path = "UIView+Gradient.swift"; sourceTree = "<group>"; };
		273551DD23B0F7BE0069B263 /* UIView+Keyboard.swift */ = {isa = PBXFileReference; fileEncoding = 4; lastKnownFileType = sourcecode.swift; path = "UIView+Keyboard.swift"; sourceTree = "<group>"; };
		273551DE23B0F7BE0069B263 /* UIView+Blur.swift */ = {isa = PBXFileReference; fileEncoding = 4; lastKnownFileType = sourcecode.swift; path = "UIView+Blur.swift"; sourceTree = "<group>"; };
		273551DF23B0F7BE0069B263 /* UIView+Localize.swift */ = {isa = PBXFileReference; fileEncoding = 4; lastKnownFileType = sourcecode.swift; path = "UIView+Localize.swift"; sourceTree = "<group>"; };
		273551E023B0F7BE0069B263 /* UIView+Snapshot.swift */ = {isa = PBXFileReference; fileEncoding = 4; lastKnownFileType = sourcecode.swift; path = "UIView+Snapshot.swift"; sourceTree = "<group>"; };
		273551E123B0F7BE0069B263 /* UIView+Rotate.swift */ = {isa = PBXFileReference; fileEncoding = 4; lastKnownFileType = sourcecode.swift; path = "UIView+Rotate.swift"; sourceTree = "<group>"; };
		273551E223B0F7BE0069B263 /* UIView+ViewController.swift */ = {isa = PBXFileReference; fileEncoding = 4; lastKnownFileType = sourcecode.swift; path = "UIView+ViewController.swift"; sourceTree = "<group>"; };
		273551E423B0F7BE0069B263 /* UIDevice+Vibrate.swift */ = {isa = PBXFileReference; fileEncoding = 4; lastKnownFileType = sourcecode.swift; path = "UIDevice+Vibrate.swift"; sourceTree = "<group>"; };
		273551E523B0F7BE0069B263 /* UIDevice+Network.swift */ = {isa = PBXFileReference; fileEncoding = 4; lastKnownFileType = sourcecode.swift; path = "UIDevice+Network.swift"; sourceTree = "<group>"; };
		273551E623B0F7BE0069B263 /* UIDevice+Flash.swift */ = {isa = PBXFileReference; fileEncoding = 4; lastKnownFileType = sourcecode.swift; path = "UIDevice+Flash.swift"; sourceTree = "<group>"; };
		273551E823B0F7BE0069B263 /* String+ASCII.swift */ = {isa = PBXFileReference; fileEncoding = 4; lastKnownFileType = sourcecode.swift; path = "String+ASCII.swift"; sourceTree = "<group>"; };
		273551E923B0F7BE0069B263 /* String+ExtractValueFromRegex.swift */ = {isa = PBXFileReference; fileEncoding = 4; lastKnownFileType = sourcecode.swift; path = "String+ExtractValueFromRegex.swift"; sourceTree = "<group>"; };
		273551EA23B0F7BE0069B263 /* String+HTMLAttributedString.swift */ = {isa = PBXFileReference; fileEncoding = 4; lastKnownFileType = sourcecode.swift; path = "String+HTMLAttributedString.swift"; sourceTree = "<group>"; };
		273551EB23B0F7BE0069B263 /* String+Localize.swift */ = {isa = PBXFileReference; fileEncoding = 4; lastKnownFileType = sourcecode.swift; path = "String+Localize.swift"; sourceTree = "<group>"; };
		273551EC23B0F7BE0069B263 /* String+Validate.swift */ = {isa = PBXFileReference; fileEncoding = 4; lastKnownFileType = sourcecode.swift; path = "String+Validate.swift"; sourceTree = "<group>"; };
		273551ED23B0F7BE0069B263 /* String+Capitalize.swift */ = {isa = PBXFileReference; fileEncoding = 4; lastKnownFileType = sourcecode.swift; path = "String+Capitalize.swift"; sourceTree = "<group>"; };
		273551EE23B0F7BE0069B263 /* String+Dictionnary.swift */ = {isa = PBXFileReference; fileEncoding = 4; lastKnownFileType = sourcecode.swift; path = "String+Dictionnary.swift"; sourceTree = "<group>"; };
		273551F023B0F7BE0069B263 /* UIApplication+TopViewController.swift */ = {isa = PBXFileReference; fileEncoding = 4; lastKnownFileType = sourcecode.swift; path = "UIApplication+TopViewController.swift"; sourceTree = "<group>"; };
		273551F123B0F7BE0069B263 /* UIApplication+Shared.swift */ = {isa = PBXFileReference; fileEncoding = 4; lastKnownFileType = sourcecode.swift; path = "UIApplication+Shared.swift"; sourceTree = "<group>"; };
		273551F323B0F7BE0069B263 /* Double+Size.swift */ = {isa = PBXFileReference; fileEncoding = 4; lastKnownFileType = sourcecode.swift; path = "Double+Size.swift"; sourceTree = "<group>"; };
		273551F523B0F7BE0069B263 /* Sequence+Group.swift */ = {isa = PBXFileReference; fileEncoding = 4; lastKnownFileType = sourcecode.swift; path = "Sequence+Group.swift"; sourceTree = "<group>"; };
		273551F723B0F7BE0069B263 /* UITextField+Placeholder.swift */ = {isa = PBXFileReference; fileEncoding = 4; lastKnownFileType = sourcecode.swift; path = "UITextField+Placeholder.swift"; sourceTree = "<group>"; };
		273551FA23B0F7BE0069B263 /* NibProtocol.swift */ = {isa = PBXFileReference; fileEncoding = 4; lastKnownFileType = sourcecode.swift; path = NibProtocol.swift; sourceTree = "<group>"; };
		273551FB23B0F7BE0069B263 /* StoryboardProtocol.swift */ = {isa = PBXFileReference; fileEncoding = 4; lastKnownFileType = sourcecode.swift; path = StoryboardProtocol.swift; sourceTree = "<group>"; };
		273551FD23B0F7BE0069B263 /* NavigationProtocol.swift */ = {isa = PBXFileReference; fileEncoding = 4; lastKnownFileType = sourcecode.swift; path = NavigationProtocol.swift; sourceTree = "<group>"; };
		273551FF23B0F7BE0069B263 /* ViewReusable.swift */ = {isa = PBXFileReference; fileEncoding = 4; lastKnownFileType = sourcecode.swift; path = ViewReusable.swift; sourceTree = "<group>"; };
		2735520023B0F7BE0069B263 /* ViewReusable+TableViewCell.swift */ = {isa = PBXFileReference; fileEncoding = 4; lastKnownFileType = sourcecode.swift; path = "ViewReusable+TableViewCell.swift"; sourceTree = "<group>"; };
		2735520123B0F7BE0069B263 /* ViewReusable+CollectionViewCell.swift */ = {isa = PBXFileReference; fileEncoding = 4; lastKnownFileType = sourcecode.swift; path = "ViewReusable+CollectionViewCell.swift"; sourceTree = "<group>"; };
		2735520323B0F7BE0069B263 /* Log.swift */ = {isa = PBXFileReference; fileEncoding = 4; lastKnownFileType = sourcecode.swift; path = Log.swift; sourceTree = "<group>"; };
		2735520523B0F7BE0069B263 /* QueueManager.swift */ = {isa = PBXFileReference; fileEncoding = 4; lastKnownFileType = sourcecode.swift; path = QueueManager.swift; sourceTree = "<group>"; };
		2735520623B0F7BE0069B263 /* Operation.swift */ = {isa = PBXFileReference; fileEncoding = 4; lastKnownFileType = sourcecode.swift; path = Operation.swift; sourceTree = "<group>"; };
		2735520723B0F7BE0069B263 /* Identifiable.swift */ = {isa = PBXFileReference; fileEncoding = 4; lastKnownFileType = sourcecode.swift; path = Identifiable.swift; sourceTree = "<group>"; };
		2735520923B0F7BE0069B263 /* DocumentManager.swift */ = {isa = PBXFileReference; fileEncoding = 4; lastKnownFileType = sourcecode.swift; path = DocumentManager.swift; sourceTree = "<group>"; };
		2735520B23B0F7BE0069B263 /* Dictionary+Operator.swift */ = {isa = PBXFileReference; fileEncoding = 4; lastKnownFileType = sourcecode.swift; path = "Dictionary+Operator.swift"; sourceTree = "<group>"; };
		2735520C23B0F7BE0069B263 /* NSDate+Compare.swift */ = {isa = PBXFileReference; fileEncoding = 4; lastKnownFileType = sourcecode.swift; path = "NSDate+Compare.swift"; sourceTree = "<group>"; };
		2735520D23B0F7BE0069B263 /* NSNumber+Compare.swift */ = {isa = PBXFileReference; fileEncoding = 4; lastKnownFileType = sourcecode.swift; path = "NSNumber+Compare.swift"; sourceTree = "<group>"; };
		2735520E23B0F7BE0069B263 /* CGFloat+Operator.swift */ = {isa = PBXFileReference; fileEncoding = 4; lastKnownFileType = sourcecode.swift; path = "CGFloat+Operator.swift"; sourceTree = "<group>"; };
		2735521023B0F7BF0069B263 /* AlertManager.swift */ = {isa = PBXFileReference; fileEncoding = 4; lastKnownFileType = sourcecode.swift; path = AlertManager.swift; sourceTree = "<group>"; };
		2735521223B0F7BF0069B263 /* PaddingTextField.swift */ = {isa = PBXFileReference; fileEncoding = 4; lastKnownFileType = sourcecode.swift; path = PaddingTextField.swift; sourceTree = "<group>"; };
		2735521323B0F7BF0069B263 /* PaddingLabel.swift */ = {isa = PBXFileReference; fileEncoding = 4; lastKnownFileType = sourcecode.swift; path = PaddingLabel.swift; sourceTree = "<group>"; };
		2735521423B0F7BF0069B263 /* PagerView.swift */ = {isa = PBXFileReference; fileEncoding = 4; lastKnownFileType = sourcecode.swift; path = PagerView.swift; sourceTree = "<group>"; };
		2735521523B0F7BF0069B263 /* LoadingButton.swift */ = {isa = PBXFileReference; fileEncoding = 4; lastKnownFileType = sourcecode.swift; path = LoadingButton.swift; sourceTree = "<group>"; };
		2735521D23B0F7BF0069B263 /* CacheManager.swift */ = {isa = PBXFileReference; fileEncoding = 4; lastKnownFileType = sourcecode.swift; path = CacheManager.swift; sourceTree = "<group>"; };
		279F92C124B8966600349413 /* Double+Distance.swift */ = {isa = PBXFileReference; lastKnownFileType = sourcecode.swift; path = "Double+Distance.swift"; sourceTree = "<group>"; };
		279F92C324B8AB7C00349413 /* Double+Storage.swift */ = {isa = PBXFileReference; lastKnownFileType = sourcecode.swift; path = "Double+Storage.swift"; sourceTree = "<group>"; };
		279F934924B8C07700349413 /* UIEmptyCollectionViewCell.swift */ = {isa = PBXFileReference; lastKnownFileType = sourcecode.swift; path = UIEmptyCollectionViewCell.swift; sourceTree = "<group>"; };
		27E4A3C62464567F0008BA97 /* CacheObjectProtocol.swift */ = {isa = PBXFileReference; lastKnownFileType = sourcecode.swift; path = CacheObjectProtocol.swift; sourceTree = "<group>"; };
		27E4A3C82464649B0008BA97 /* CollectionViewHeaderFooterViewReusable.swift */ = {isa = PBXFileReference; lastKnownFileType = sourcecode.swift; path = CollectionViewHeaderFooterViewReusable.swift; sourceTree = "<group>"; };
		27E9BEE1246ABB2400ECAD2E /* UIButton+TintColorable.swift */ = {isa = PBXFileReference; lastKnownFileType = sourcecode.swift; path = "UIButton+TintColorable.swift"; sourceTree = "<group>"; };
/* End PBXFileReference section */

/* Begin PBXFrameworksBuildPhase section */
		273550A123B0EBA80069B263 /* Frameworks */ = {
			isa = PBXFrameworksBuildPhase;
			buildActionMask = 2147483647;
			files = (
			);
			runOnlyForDeploymentPostprocessing = 0;
		};
/* End PBXFrameworksBuildPhase section */

/* Begin PBXGroup section */
		2735509A23B0EBA80069B263 = {
			isa = PBXGroup;
			children = (
				273550A623B0EBA80069B263 /* UtilsKit */,
				273550A523B0EBA80069B263 /* Products */,
			);
			sourceTree = "<group>";
		};
		273550A523B0EBA80069B263 /* Products */ = {
			isa = PBXGroup;
			children = (
				273550A423B0EBA80069B263 /* UtilsKit.framework */,
			);
			name = Products;
			sourceTree = "<group>";
		};
		273550A623B0EBA80069B263 /* UtilsKit */ = {
			isa = PBXGroup;
			children = (
				2735526823B0F7CA0069B263 /* Helpers */,
				2735526723B0F7C40069B263 /* UI */,
				273550A723B0EBA80069B263 /* UtilsKit.h */,
				273550A823B0EBA80069B263 /* Info.plist */,
			);
			path = UtilsKit;
			sourceTree = "<group>";
		};
		273551AE23B0F7BE0069B263 /* Scroll View */ = {
			isa = PBXGroup;
			children = (
				273551AF23B0F7BE0069B263 /* UIScrollView+Keyboard.swift */,
			);
			path = "Scroll View";
			sourceTree = "<group>";
		};
		273551B023B0F7BE0069B263 /* Navigation Bar */ = {
			isa = PBXGroup;
			children = (
				273551B123B0F7BE0069B263 /* UINavigationBar+Shadow.swift */,
			);
			path = "Navigation Bar";
			sourceTree = "<group>";
		};
		273551B223B0F7BE0069B263 /* Orientation */ = {
			isa = PBXGroup;
			children = (
				273551B323B0F7BE0069B263 /* UIDeviceOrientation+InterfaceOrientation.swift */,
				273551B423B0F7BE0069B263 /* UIInterfaceOrientation+Mask.swift */,
			);
			path = Orientation;
			sourceTree = "<group>";
		};
		273551B523B0F7BE0069B263 /* Collection */ = {
			isa = PBXGroup;
			children = (
				273551B823B0F7BE0069B263 /* Array+URLQueryItem.swift */,
				273551B923B0F7BE0069B263 /* Array+Contains.swift */,
				273551B623B0F7BE0069B263 /* Collection+Safe.swift */,
				273551BD23B0F7BE0069B263 /* Dictionary+Keys.swift */,
				273551F523B0F7BE0069B263 /* Sequence+Group.swift */,
			);
			path = Collection;
			sourceTree = "<group>";
		};
		273551BA23B0F7BE0069B263 /* Color */ = {
			isa = PBXGroup;
			children = (
				273551BB23B0F7BE0069B263 /* UIColor+Hexa.swift */,
			);
			path = Color;
			sourceTree = "<group>";
		};
		273551BE23B0F7BE0069B263 /* Date */ = {
			isa = PBXGroup;
			children = (
				273551BF23B0F7BE0069B263 /* Date+String.swift */,
			);
			path = Date;
			sourceTree = "<group>";
		};
		273551C023B0F7BE0069B263 /* Label */ = {
			isa = PBXGroup;
			children = (
				2735521323B0F7BF0069B263 /* PaddingLabel.swift */,
				273551C123B0F7BE0069B263 /* UILabel+Underline.swift */,
			);
			path = Label;
			sourceTree = "<group>";
		};
		273551C223B0F7BE0069B263 /* Table View */ = {
			isa = PBXGroup;
			children = (
				273551C323B0F7BE0069B263 /* UITableView+DeselectAll.swift */,
				273551C423B0F7BE0069B263 /* UITableView+Reload+Completion.swift */,
				273551C523B0F7BE0069B263 /* UITableView+ResizeHeader.swift */,
			);
			path = "Table View";
			sourceTree = "<group>";
		};
		273551C623B0F7BE0069B263 /* URL */ = {
			isa = PBXGroup;
			children = (
				273551C723B0F7BE0069B263 /* URL+Open.swift */,
				273551C823B0F7BE0069B263 /* URL+Parameters.swift */,
			);
			path = URL;
			sourceTree = "<group>";
		};
		273551C923B0F7BE0069B263 /* Image */ = {
			isa = PBXGroup;
			children = (
				273551CB23B0F7BE0069B263 /* UIImage+File.swift */,
				273551CA23B0F7BE0069B263 /* UIImageView+TintColorable.swift */,
			);
			path = Image;
			sourceTree = "<group>";
		};
		273551CD23B0F7BE0069B263 /* Navigation Controller */ = {
			isa = PBXGroup;
			children = (
				273551CE23B0F7BE0069B263 /* UINavigationController+NavigationBar.swift */,
			);
			path = "Navigation Controller";
			sourceTree = "<group>";
		};
		273551CF23B0F7BE0069B263 /* View Controller */ = {
			isa = PBXGroup;
			children = (
				273551D023B0F7BE0069B263 /* UIViewController+TraitCollectionType.swift */,
			);
			path = "View Controller";
			sourceTree = "<group>";
		};
		273551D123B0F7BE0069B263 /* Local */ = {
			isa = PBXGroup;
			children = (
				273551D223B0F7BE0069B263 /* NSLocale+Localize.swift */,
			);
			path = Local;
			sourceTree = "<group>";
		};
		273551D323B0F7BE0069B263 /* Decodable */ = {
			isa = PBXGroup;
			children = (
				273551D423B0F7BE0069B263 /* Decodable+Decode.swift */,
			);
			path = Decodable;
			sourceTree = "<group>";
		};
		273551D523B0F7BE0069B263 /* Double */ = {
			isa = PBXGroup;
			children = (
				273551D623B0F7BE0069B263 /* Double+Price.swift */,
				273551F323B0F7BE0069B263 /* Double+Size.swift */,
				279F92C124B8966600349413 /* Double+Distance.swift */,
				279F92C324B8AB7C00349413 /* Double+Storage.swift */,
			);
			path = Double;
			sourceTree = "<group>";
		};
		273551D723B0F7BE0069B263 /* Button */ = {
			isa = PBXGroup;
			children = (
				2735521523B0F7BF0069B263 /* LoadingButton.swift */,
				273551D823B0F7BE0069B263 /* UIButton+Underline.swift */,
				27E9BEE1246ABB2400ECAD2E /* UIButton+TintColorable.swift */,
			);
			path = Button;
			sourceTree = "<group>";
		};
		273551D923B0F7BE0069B263 /* Tab Bar */ = {
			isa = PBXGroup;
			children = (
				273551DA23B0F7BE0069B263 /* UITabBarController+Item.swift */,
			);
			path = "Tab Bar";
			sourceTree = "<group>";
		};
		273551DB23B0F7BE0069B263 /* View */ = {
			isa = PBXGroup;
			children = (
				273551DC23B0F7BE0069B263 /* UIView+Gradient.swift */,
				273551DD23B0F7BE0069B263 /* UIView+Keyboard.swift */,
				273551DE23B0F7BE0069B263 /* UIView+Blur.swift */,
				273551DF23B0F7BE0069B263 /* UIView+Localize.swift */,
				273551E023B0F7BE0069B263 /* UIView+Snapshot.swift */,
				273551E123B0F7BE0069B263 /* UIView+Rotate.swift */,
				273551E223B0F7BE0069B263 /* UIView+ViewController.swift */,
			);
			path = View;
			sourceTree = "<group>";
		};
		273551E323B0F7BE0069B263 /* Device */ = {
			isa = PBXGroup;
			children = (
				273551E423B0F7BE0069B263 /* UIDevice+Vibrate.swift */,
				273551E523B0F7BE0069B263 /* UIDevice+Network.swift */,
				273551E623B0F7BE0069B263 /* UIDevice+Flash.swift */,
			);
			path = Device;
			sourceTree = "<group>";
		};
		273551E723B0F7BE0069B263 /* String */ = {
			isa = PBXGroup;
			children = (
				273551E823B0F7BE0069B263 /* String+ASCII.swift */,
				273551E923B0F7BE0069B263 /* String+ExtractValueFromRegex.swift */,
				273551EA23B0F7BE0069B263 /* String+HTMLAttributedString.swift */,
				273551EB23B0F7BE0069B263 /* String+Localize.swift */,
				273551EC23B0F7BE0069B263 /* String+Validate.swift */,
				273551ED23B0F7BE0069B263 /* String+Capitalize.swift */,
				273551EE23B0F7BE0069B263 /* String+Dictionnary.swift */,
			);
			path = String;
			sourceTree = "<group>";
		};
		273551EF23B0F7BE0069B263 /* Application */ = {
			isa = PBXGroup;
			children = (
				273551F023B0F7BE0069B263 /* UIApplication+TopViewController.swift */,
				273551F123B0F7BE0069B263 /* UIApplication+Shared.swift */,
			);
			path = Application;
			sourceTree = "<group>";
		};
		273551F623B0F7BE0069B263 /* Text Field */ = {
			isa = PBXGroup;
			children = (
				2735521223B0F7BF0069B263 /* PaddingTextField.swift */,
				273551F723B0F7BE0069B263 /* UITextField+Placeholder.swift */,
			);
			path = "Text Field";
			sourceTree = "<group>";
		};
		273551F923B0F7BE0069B263 /* Interface */ = {
			isa = PBXGroup;
			children = (
				273551FA23B0F7BE0069B263 /* NibProtocol.swift */,
				273551FB23B0F7BE0069B263 /* StoryboardProtocol.swift */,
			);
			path = Interface;
			sourceTree = "<group>";
		};
		273551FC23B0F7BE0069B263 /* Navigation */ = {
			isa = PBXGroup;
			children = (
				273551FD23B0F7BE0069B263 /* NavigationProtocol.swift */,
				271FE4592497905300DC2472 /* Segue.swift */,
				271FE4632497A90F00DC2472 /* NavigationError.swift */,
				271FE4652497BD1400DC2472 /* RGMCNavigationController.swift */,
			);
			path = Navigation;
			sourceTree = "<group>";
		};
		273551FE23B0F7BE0069B263 /* Cell */ = {
			isa = PBXGroup;
			children = (
				273551FF23B0F7BE0069B263 /* ViewReusable.swift */,
				2735520023B0F7BE0069B263 /* ViewReusable+TableViewCell.swift */,
				2735520123B0F7BE0069B263 /* ViewReusable+CollectionViewCell.swift */,
				27E4A3C82464649B0008BA97 /* CollectionViewHeaderFooterViewReusable.swift */,
				279F934924B8C07700349413 /* UIEmptyCollectionViewCell.swift */,
			);
			path = Cell;
			sourceTree = "<group>";
		};
		2735520223B0F7BE0069B263 /* Log */ = {
			isa = PBXGroup;
			children = (
				2735520323B0F7BE0069B263 /* Log.swift */,
				271FE45D249799CF00DC2472 /* LogType.swift */,
				271FE45F24979B5D00DC2472 /* NetworkLogType.swift */,
				271FE46124979B6A00DC2472 /* DefaultLogType.swift */,
			);
			path = Log;
			sourceTree = "<group>";
		};
		2735520423B0F7BE0069B263 /* Queue */ = {
			isa = PBXGroup;
			children = (
				2735520523B0F7BE0069B263 /* QueueManager.swift */,
				2735520623B0F7BE0069B263 /* Operation.swift */,
				2735520723B0F7BE0069B263 /* Identifiable.swift */,
				271FE45B249796BA00DC2472 /* IdentifiableOperation.swift */,
			);
			path = Queue;
			sourceTree = "<group>";
		};
		2735520823B0F7BE0069B263 /* Document Manager */ = {
			isa = PBXGroup;
			children = (
				2735520923B0F7BE0069B263 /* DocumentManager.swift */,
			);
			path = "Document Manager";
			sourceTree = "<group>";
		};
		2735520A23B0F7BE0069B263 /* Compare & Operator */ = {
			isa = PBXGroup;
			children = (
				2735520B23B0F7BE0069B263 /* Dictionary+Operator.swift */,
				2735520C23B0F7BE0069B263 /* NSDate+Compare.swift */,
				2735520D23B0F7BE0069B263 /* NSNumber+Compare.swift */,
				2735520E23B0F7BE0069B263 /* CGFloat+Operator.swift */,
			);
			path = "Compare & Operator";
			sourceTree = "<group>";
		};
		2735520F23B0F7BF0069B263 /* Alert Manager */ = {
			isa = PBXGroup;
			children = (
				2735521023B0F7BF0069B263 /* AlertManager.swift */,
			);
			path = "Alert Manager";
			sourceTree = "<group>";
		};
		2735521123B0F7BF0069B263 /* Pager View */ = {
			isa = PBXGroup;
			children = (
				2735521423B0F7BF0069B263 /* PagerView.swift */,
			);
			path = "Pager View";
			sourceTree = "<group>";
		};
		2735521C23B0F7BF0069B263 /* Cache */ = {
			isa = PBXGroup;
			children = (
				2735521D23B0F7BF0069B263 /* CacheManager.swift */,
				27E4A3C62464567F0008BA97 /* CacheObjectProtocol.swift */,
			);
			path = Cache;
			sourceTree = "<group>";
		};
		2735526723B0F7C40069B263 /* UI */ = {
			isa = PBXGroup;
			children = (
				273551EF23B0F7BE0069B263 /* Application */,
				273551D723B0F7BE0069B263 /* Button */,
				273551FE23B0F7BE0069B263 /* Cell */,
				273551BA23B0F7BE0069B263 /* Color */,
				273551C923B0F7BE0069B263 /* Image */,
				273551F923B0F7BE0069B263 /* Interface */,
				273551C023B0F7BE0069B263 /* Label */,
				273551B023B0F7BE0069B263 /* Navigation Bar */,
				273551CD23B0F7BE0069B263 /* Navigation Controller */,
				273551B223B0F7BE0069B263 /* Orientation */,
				2735521123B0F7BF0069B263 /* Pager View */,
				273551AE23B0F7BE0069B263 /* Scroll View */,
				273551D923B0F7BE0069B263 /* Tab Bar */,
				273551C223B0F7BE0069B263 /* Table View */,
				273551F623B0F7BE0069B263 /* Text Field */,
				273551DB23B0F7BE0069B263 /* View */,
				273551CF23B0F7BE0069B263 /* View Controller */,
			);
			path = UI;
			sourceTree = "<group>";
		};
		2735526823B0F7CA0069B263 /* Helpers */ = {
			isa = PBXGroup;
			children = (
				2735520F23B0F7BF0069B263 /* Alert Manager */,
				2735521C23B0F7BF0069B263 /* Cache */,
				273551B523B0F7BE0069B263 /* Collection */,
				2735520A23B0F7BE0069B263 /* Compare & Operator */,
				273551BE23B0F7BE0069B263 /* Date */,
				273551D323B0F7BE0069B263 /* Decodable */,
				273551E323B0F7BE0069B263 /* Device */,
				2735520823B0F7BE0069B263 /* Document Manager */,
				273551D523B0F7BE0069B263 /* Double */,
				273551D123B0F7BE0069B263 /* Local */,
				2735520223B0F7BE0069B263 /* Log */,
				273551FC23B0F7BE0069B263 /* Navigation */,
				2735520423B0F7BE0069B263 /* Queue */,
				273551E723B0F7BE0069B263 /* String */,
				273551C623B0F7BE0069B263 /* URL */,
			);
			path = Helpers;
			sourceTree = "<group>";
		};
/* End PBXGroup section */

/* Begin PBXHeadersBuildPhase section */
		2735509F23B0EBA80069B263 /* Headers */ = {
			isa = PBXHeadersBuildPhase;
			buildActionMask = 2147483647;
			files = (
				273550A923B0EBA80069B263 /* UtilsKit.h in Headers */,
			);
			runOnlyForDeploymentPostprocessing = 0;
		};
/* End PBXHeadersBuildPhase section */

/* Begin PBXNativeTarget section */
		273550A323B0EBA80069B263 /* UtilsKit */ = {
			isa = PBXNativeTarget;
			buildConfigurationList = 273550AC23B0EBA80069B263 /* Build configuration list for PBXNativeTarget "UtilsKit" */;
			buildPhases = (
				2735509F23B0EBA80069B263 /* Headers */,
				273550A023B0EBA80069B263 /* Sources */,
				273550A123B0EBA80069B263 /* Frameworks */,
				273550A223B0EBA80069B263 /* Resources */,
				27E4A3C1246430D80008BA97 /* SwiftLint */,
			);
			buildRules = (
			);
			dependencies = (
			);
			name = UtilsKit;
			productName = UtilsKit;
			productReference = 273550A423B0EBA80069B263 /* UtilsKit.framework */;
			productType = "com.apple.product-type.framework";
		};
/* End PBXNativeTarget section */

/* Begin PBXProject section */
		2735509B23B0EBA80069B263 /* Project object */ = {
			isa = PBXProject;
			attributes = {
				LastSwiftUpdateCheck = 1150;
				LastUpgradeCheck = 1130;
				ORGANIZATIONNAME = iD.apps;
				TargetAttributes = {
					273550A323B0EBA80069B263 = {
						CreatedOnToolsVersion = 11.3;
						LastSwiftMigration = 1130;
					};
				};
			};
			buildConfigurationList = 2735509E23B0EBA80069B263 /* Build configuration list for PBXProject "UtilsKit" */;
			compatibilityVersion = "Xcode 9.3";
			developmentRegion = en;
			hasScannedForEncodings = 0;
			knownRegions = (
				en,
				Base,
			);
			mainGroup = 2735509A23B0EBA80069B263;
			productRefGroup = 273550A523B0EBA80069B263 /* Products */;
			projectDirPath = "";
			projectRoot = "";
			targets = (
				273550A323B0EBA80069B263 /* UtilsKit */,
			);
		};
/* End PBXProject section */

/* Begin PBXResourcesBuildPhase section */
		273550A223B0EBA80069B263 /* Resources */ = {
			isa = PBXResourcesBuildPhase;
			buildActionMask = 2147483647;
			files = (
			);
			runOnlyForDeploymentPostprocessing = 0;
		};
/* End PBXResourcesBuildPhase section */

/* Begin PBXShellScriptBuildPhase section */
		27E4A3C1246430D80008BA97 /* SwiftLint */ = {
			isa = PBXShellScriptBuildPhase;
			buildActionMask = 2147483647;
			files = (
			);
			inputFileListPaths = (
			);
			inputPaths = (
			);
			name = SwiftLint;
			outputFileListPaths = (
			);
			outputPaths = (
			);
			runOnlyForDeploymentPostprocessing = 0;
			shellPath = /bin/sh;
			shellScript = "if which swiftlint >/dev/null; then\n  swiftlint\nelse\n  echo \"SwiftLint not installed\"\nfi\n";
		};
/* End PBXShellScriptBuildPhase section */

/* Begin PBXSourcesBuildPhase section */
		273550A023B0EBA80069B263 /* Sources */ = {
			isa = PBXSourcesBuildPhase;
			buildActionMask = 2147483647;
			files = (
				2735522C23B0F7BF0069B263 /* URL+Open.swift in Sources */,
				2735522D23B0F7BF0069B263 /* URL+Parameters.swift in Sources */,
				2735525323B0F7BF0069B263 /* Log.swift in Sources */,
				27E9BEE2246ABB2400ECAD2E /* UIButton+TintColorable.swift in Sources */,
				2735523823B0F7BF0069B263 /* UIView+Keyboard.swift in Sources */,
				2735521E23B0F7BF0069B263 /* UIScrollView+Keyboard.swift in Sources */,
				2735522823B0F7BF0069B263 /* UILabel+Underline.swift in Sources */,
				2735522623B0F7BF0069B263 /* Dictionary+Keys.swift in Sources */,
				2735523E23B0F7BF0069B263 /* UIDevice+Vibrate.swift in Sources */,
				2735523323B0F7BF0069B263 /* Decodable+Decode.swift in Sources */,
				2735523723B0F7BF0069B263 /* UIView+Gradient.swift in Sources */,
				2735523B23B0F7BF0069B263 /* UIView+Snapshot.swift in Sources */,
				2735526023B0F7BF0069B263 /* LoadingButton.swift in Sources */,
				2735523A23B0F7BF0069B263 /* UIView+Localize.swift in Sources */,
				279F934A24B8C07700349413 /* UIEmptyCollectionViewCell.swift in Sources */,
				2735523523B0F7BF0069B263 /* UIButton+Underline.swift in Sources */,
				271FE46024979B5D00DC2472 /* NetworkLogType.swift in Sources */,
				2735524523B0F7BF0069B263 /* String+Validate.swift in Sources */,
				2735525123B0F7BF0069B263 /* ViewReusable+TableViewCell.swift in Sources */,
				2735522F23B0F7BF0069B263 /* UIImage+File.swift in Sources */,
				2735525B23B0F7BF0069B263 /* CGFloat+Operator.swift in Sources */,
				2735522323B0F7BF0069B263 /* Array+URLQueryItem.swift in Sources */,
				2735523F23B0F7BF0069B263 /* UIDevice+Network.swift in Sources */,
				2735523123B0F7BF0069B263 /* UIViewController+TraitCollectionType.swift in Sources */,
				2735524123B0F7BF0069B263 /* String+ASCII.swift in Sources */,
				2735521F23B0F7BF0069B263 /* UINavigationBar+Shadow.swift in Sources */,
				2735524A23B0F7BF0069B263 /* Double+Size.swift in Sources */,
				2735522523B0F7BF0069B263 /* UIColor+Hexa.swift in Sources */,
				279F92C224B8966600349413 /* Double+Distance.swift in Sources */,
				2735522E23B0F7BF0069B263 /* UIImageView+TintColorable.swift in Sources */,
				2735525723B0F7BF0069B263 /* DocumentManager.swift in Sources */,
				2735525A23B0F7BF0069B263 /* NSNumber+Compare.swift in Sources */,
				2735525C23B0F7BF0069B263 /* AlertManager.swift in Sources */,
				2735524723B0F7BF0069B263 /* String+Dictionnary.swift in Sources */,
				2735524D23B0F7BF0069B263 /* NibProtocol.swift in Sources */,
				2735524623B0F7BF0069B263 /* String+Capitalize.swift in Sources */,
				2735522923B0F7BF0069B263 /* UITableView+DeselectAll.swift in Sources */,
				2735525923B0F7BF0069B263 /* NSDate+Compare.swift in Sources */,
				271FE45A2497905400DC2472 /* Segue.swift in Sources */,
				2735525223B0F7BF0069B263 /* ViewReusable+CollectionViewCell.swift in Sources */,
				2735525F23B0F7BF0069B263 /* PagerView.swift in Sources */,
				271FE46224979B6A00DC2472 /* DefaultLogType.swift in Sources */,
				27E4A3C92464649B0008BA97 /* CollectionViewHeaderFooterViewReusable.swift in Sources */,
				2735522123B0F7BF0069B263 /* UIInterfaceOrientation+Mask.swift in Sources */,
				2735523223B0F7BF0069B263 /* NSLocale+Localize.swift in Sources */,
				27E4A3C72464567F0008BA97 /* CacheObjectProtocol.swift in Sources */,
				2735525E23B0F7BF0069B263 /* PaddingLabel.swift in Sources */,
				2735525523B0F7BF0069B263 /* Operation.swift in Sources */,
				271FE45C249796BA00DC2472 /* IdentifiableOperation.swift in Sources */,
				2735522B23B0F7BF0069B263 /* UITableView+ResizeHeader.swift in Sources */,
				2735524B23B0F7BF0069B263 /* Sequence+Group.swift in Sources */,
				2735524023B0F7BF0069B263 /* UIDevice+Flash.swift in Sources */,
				2735523423B0F7BF0069B263 /* Double+Price.swift in Sources */,
				2735524423B0F7BF0069B263 /* String+Localize.swift in Sources */,
				2735525623B0F7BF0069B263 /* Identifiable.swift in Sources */,
				2735525023B0F7BF0069B263 /* ViewReusable.swift in Sources */,
				2735522023B0F7BF0069B263 /* UIDeviceOrientation+InterfaceOrientation.swift in Sources */,
				2735525823B0F7BF0069B263 /* Dictionary+Operator.swift in Sources */,
				271FE45E249799CF00DC2472 /* LogType.swift in Sources */,
				279F92C424B8AB7C00349413 /* Double+Storage.swift in Sources */,
				2735523923B0F7BF0069B263 /* UIView+Blur.swift in Sources */,
				2735523C23B0F7BF0069B263 /* UIView+Rotate.swift in Sources */,
				2735524C23B0F7BF0069B263 /* UITextField+Placeholder.swift in Sources */,
				2735525D23B0F7BF0069B263 /* PaddingTextField.swift in Sources */,
				2735524823B0F7BF0069B263 /* UIApplication+TopViewController.swift in Sources */,
				2735523D23B0F7BF0069B263 /* UIView+ViewController.swift in Sources */,
				2735524323B0F7BF0069B263 /* String+HTMLAttributedString.swift in Sources */,
				2735523623B0F7BF0069B263 /* UITabBarController+Item.swift in Sources */,
				2735522423B0F7BF0069B263 /* Array+Contains.swift in Sources */,
				2735522A23B0F7BF0069B263 /* UITableView+Reload+Completion.swift in Sources */,
				2735522723B0F7BF0069B263 /* Date+String.swift in Sources */,
				2735523023B0F7BF0069B263 /* UINavigationController+NavigationBar.swift in Sources */,
				271FE4662497BD1500DC2472 /* RGMCNavigationController.swift in Sources */,
				2735524923B0F7BF0069B263 /* UIApplication+Shared.swift in Sources */,
				2735525423B0F7BF0069B263 /* QueueManager.swift in Sources */,
				2735522223B0F7BF0069B263 /* Collection+Safe.swift in Sources */,
				271FE4642497A90F00DC2472 /* NavigationError.swift in Sources */,
				2735524223B0F7BF0069B263 /* String+ExtractValueFromRegex.swift in Sources */,
				2735526623B0F7BF0069B263 /* CacheManager.swift in Sources */,
				2735524E23B0F7BF0069B263 /* StoryboardProtocol.swift in Sources */,
				2735524F23B0F7BF0069B263 /* NavigationProtocol.swift in Sources */,
			);
			runOnlyForDeploymentPostprocessing = 0;
		};
/* End PBXSourcesBuildPhase section */

/* Begin XCBuildConfiguration section */
		273550AA23B0EBA80069B263 /* Debug */ = {
			isa = XCBuildConfiguration;
			buildSettings = {
				ALWAYS_SEARCH_USER_PATHS = NO;
				CLANG_ANALYZER_NONNULL = YES;
				CLANG_ANALYZER_NUMBER_OBJECT_CONVERSION = YES_AGGRESSIVE;
				CLANG_CXX_LANGUAGE_STANDARD = "gnu++14";
				CLANG_CXX_LIBRARY = "libc++";
				CLANG_ENABLE_MODULES = YES;
				CLANG_ENABLE_OBJC_ARC = YES;
				CLANG_ENABLE_OBJC_WEAK = YES;
				CLANG_WARN_BLOCK_CAPTURE_AUTORELEASING = YES;
				CLANG_WARN_BOOL_CONVERSION = YES;
				CLANG_WARN_COMMA = YES;
				CLANG_WARN_CONSTANT_CONVERSION = YES;
				CLANG_WARN_DEPRECATED_OBJC_IMPLEMENTATIONS = YES;
				CLANG_WARN_DIRECT_OBJC_ISA_USAGE = YES_ERROR;
				CLANG_WARN_DOCUMENTATION_COMMENTS = YES;
				CLANG_WARN_EMPTY_BODY = YES;
				CLANG_WARN_ENUM_CONVERSION = YES;
				CLANG_WARN_INFINITE_RECURSION = YES;
				CLANG_WARN_INT_CONVERSION = YES;
				CLANG_WARN_NON_LITERAL_NULL_CONVERSION = YES;
				CLANG_WARN_OBJC_IMPLICIT_RETAIN_SELF = YES;
				CLANG_WARN_OBJC_LITERAL_CONVERSION = YES;
				CLANG_WARN_OBJC_ROOT_CLASS = YES_ERROR;
				CLANG_WARN_RANGE_LOOP_ANALYSIS = YES;
				CLANG_WARN_STRICT_PROTOTYPES = YES;
				CLANG_WARN_SUSPICIOUS_MOVE = YES;
				CLANG_WARN_UNGUARDED_AVAILABILITY = YES_AGGRESSIVE;
				CLANG_WARN_UNREACHABLE_CODE = YES;
				CLANG_WARN__DUPLICATE_METHOD_MATCH = YES;
				COPY_PHASE_STRIP = NO;
				CURRENT_PROJECT_VERSION = 1;
				DEBUG_INFORMATION_FORMAT = dwarf;
				ENABLE_STRICT_OBJC_MSGSEND = YES;
				ENABLE_TESTABILITY = YES;
				GCC_C_LANGUAGE_STANDARD = gnu11;
				GCC_DYNAMIC_NO_PIC = NO;
				GCC_NO_COMMON_BLOCKS = YES;
				GCC_OPTIMIZATION_LEVEL = 0;
				GCC_PREPROCESSOR_DEFINITIONS = (
					"DEBUG=1",
					"$(inherited)",
				);
				GCC_WARN_64_TO_32_BIT_CONVERSION = YES;
				GCC_WARN_ABOUT_RETURN_TYPE = YES_ERROR;
				GCC_WARN_UNDECLARED_SELECTOR = YES;
				GCC_WARN_UNINITIALIZED_AUTOS = YES_AGGRESSIVE;
				GCC_WARN_UNUSED_FUNCTION = YES;
				GCC_WARN_UNUSED_VARIABLE = YES;
				IPHONEOS_DEPLOYMENT_TARGET = 13.5;
				MTL_ENABLE_DEBUG_INFO = INCLUDE_SOURCE;
				MTL_FAST_MATH = YES;
				ONLY_ACTIVE_ARCH = YES;
				SDKROOT = iphoneos;
				SWIFT_ACTIVE_COMPILATION_CONDITIONS = DEBUG;
				SWIFT_OPTIMIZATION_LEVEL = "-Onone";
				VERSIONING_SYSTEM = "apple-generic";
				VERSION_INFO_PREFIX = "";
			};
			name = Debug;
		};
		273550AB23B0EBA80069B263 /* Release */ = {
			isa = XCBuildConfiguration;
			buildSettings = {
				ALWAYS_SEARCH_USER_PATHS = NO;
				CLANG_ANALYZER_NONNULL = YES;
				CLANG_ANALYZER_NUMBER_OBJECT_CONVERSION = YES_AGGRESSIVE;
				CLANG_CXX_LANGUAGE_STANDARD = "gnu++14";
				CLANG_CXX_LIBRARY = "libc++";
				CLANG_ENABLE_MODULES = YES;
				CLANG_ENABLE_OBJC_ARC = YES;
				CLANG_ENABLE_OBJC_WEAK = YES;
				CLANG_WARN_BLOCK_CAPTURE_AUTORELEASING = YES;
				CLANG_WARN_BOOL_CONVERSION = YES;
				CLANG_WARN_COMMA = YES;
				CLANG_WARN_CONSTANT_CONVERSION = YES;
				CLANG_WARN_DEPRECATED_OBJC_IMPLEMENTATIONS = YES;
				CLANG_WARN_DIRECT_OBJC_ISA_USAGE = YES_ERROR;
				CLANG_WARN_DOCUMENTATION_COMMENTS = YES;
				CLANG_WARN_EMPTY_BODY = YES;
				CLANG_WARN_ENUM_CONVERSION = YES;
				CLANG_WARN_INFINITE_RECURSION = YES;
				CLANG_WARN_INT_CONVERSION = YES;
				CLANG_WARN_NON_LITERAL_NULL_CONVERSION = YES;
				CLANG_WARN_OBJC_IMPLICIT_RETAIN_SELF = YES;
				CLANG_WARN_OBJC_LITERAL_CONVERSION = YES;
				CLANG_WARN_OBJC_ROOT_CLASS = YES_ERROR;
				CLANG_WARN_RANGE_LOOP_ANALYSIS = YES;
				CLANG_WARN_STRICT_PROTOTYPES = YES;
				CLANG_WARN_SUSPICIOUS_MOVE = YES;
				CLANG_WARN_UNGUARDED_AVAILABILITY = YES_AGGRESSIVE;
				CLANG_WARN_UNREACHABLE_CODE = YES;
				CLANG_WARN__DUPLICATE_METHOD_MATCH = YES;
				COPY_PHASE_STRIP = NO;
				CURRENT_PROJECT_VERSION = 1;
				DEBUG_INFORMATION_FORMAT = "dwarf-with-dsym";
				ENABLE_NS_ASSERTIONS = NO;
				ENABLE_STRICT_OBJC_MSGSEND = YES;
				GCC_C_LANGUAGE_STANDARD = gnu11;
				GCC_NO_COMMON_BLOCKS = YES;
				GCC_WARN_64_TO_32_BIT_CONVERSION = YES;
				GCC_WARN_ABOUT_RETURN_TYPE = YES_ERROR;
				GCC_WARN_UNDECLARED_SELECTOR = YES;
				GCC_WARN_UNINITIALIZED_AUTOS = YES_AGGRESSIVE;
				GCC_WARN_UNUSED_FUNCTION = YES;
				GCC_WARN_UNUSED_VARIABLE = YES;
				IPHONEOS_DEPLOYMENT_TARGET = 13.5;
				MTL_ENABLE_DEBUG_INFO = NO;
				MTL_FAST_MATH = YES;
				SDKROOT = iphoneos;
				SWIFT_COMPILATION_MODE = wholemodule;
				SWIFT_OPTIMIZATION_LEVEL = "-O";
				VALIDATE_PRODUCT = YES;
				VERSIONING_SYSTEM = "apple-generic";
				VERSION_INFO_PREFIX = "";
			};
			name = Release;
		};
		273550AD23B0EBA80069B263 /* Debug */ = {
			isa = XCBuildConfiguration;
			buildSettings = {
				CLANG_ENABLE_MODULES = YES;
				CODE_SIGN_STYLE = Automatic;
				DEFINES_MODULE = YES;
				DYLIB_COMPATIBILITY_VERSION = 1;
				DYLIB_CURRENT_VERSION = 1;
				DYLIB_INSTALL_NAME_BASE = "@rpath";
				INFOPLIST_FILE = UtilsKit/Info.plist;
				INSTALL_PATH = "$(LOCAL_LIBRARY_DIR)/Frameworks";
				IPHONEOS_DEPLOYMENT_TARGET = 10.0;
				LD_RUNPATH_SEARCH_PATHS = (
					"$(inherited)",
					"@executable_path/Frameworks",
					"@loader_path/Frameworks",
				);
				PRODUCT_BUNDLE_IDENTIFIER = com.RGMC.UtilsKit;
				PRODUCT_NAME = "$(TARGET_NAME:c99extidentifier)";
				SKIP_INSTALL = YES;
				SWIFT_OPTIMIZATION_LEVEL = "-Onone";
				SWIFT_VERSION = 5.0;
				TARGETED_DEVICE_FAMILY = "1,2";
			};
			name = Debug;
		};
		273550AE23B0EBA80069B263 /* Release */ = {
			isa = XCBuildConfiguration;
			buildSettings = {
				CLANG_ENABLE_MODULES = YES;
				CODE_SIGN_STYLE = Automatic;
				DEFINES_MODULE = YES;
				DYLIB_COMPATIBILITY_VERSION = 1;
				DYLIB_CURRENT_VERSION = 1;
				DYLIB_INSTALL_NAME_BASE = "@rpath";
				INFOPLIST_FILE = UtilsKit/Info.plist;
				INSTALL_PATH = "$(LOCAL_LIBRARY_DIR)/Frameworks";
				IPHONEOS_DEPLOYMENT_TARGET = 10.0;
				LD_RUNPATH_SEARCH_PATHS = (
					"$(inherited)",
					"@executable_path/Frameworks",
					"@loader_path/Frameworks",
				);
				PRODUCT_BUNDLE_IDENTIFIER = com.RGMC.UtilsKit;
				PRODUCT_NAME = "$(TARGET_NAME:c99extidentifier)";
				SKIP_INSTALL = YES;
				SWIFT_VERSION = 5.0;
				TARGETED_DEVICE_FAMILY = "1,2";
			};
			name = Release;
		};
/* End XCBuildConfiguration section */

/* Begin XCConfigurationList section */
		2735509E23B0EBA80069B263 /* Build configuration list for PBXProject "UtilsKit" */ = {
			isa = XCConfigurationList;
			buildConfigurations = (
				273550AA23B0EBA80069B263 /* Debug */,
				273550AB23B0EBA80069B263 /* Release */,
			);
			defaultConfigurationIsVisible = 0;
			defaultConfigurationName = Release;
		};
		273550AC23B0EBA80069B263 /* Build configuration list for PBXNativeTarget "UtilsKit" */ = {
			isa = XCConfigurationList;
			buildConfigurations = (
				273550AD23B0EBA80069B263 /* Debug */,
				273550AE23B0EBA80069B263 /* Release */,
			);
			defaultConfigurationIsVisible = 0;
			defaultConfigurationName = Release;
		};
/* End XCConfigurationList section */
	};
	rootObject = 2735509B23B0EBA80069B263 /* Project object */;
}
